
Microsoft Visual Studio Solution File, Format Version 12.00
# Visual Studio Version 16
VisualStudioVersion = 16.0.29509.3
MinimumVisualStudioVersion = 10.0.40219.1
Project("{2150E333-8FDC-42A3-9474-1A3956D46DE8}") = "TestApps", "TestApps", "{ED191587-685D-4A1D-9261-AC71D0430457}"
EndProject
Project("{FAE04EC0-301F-11D3-BF4B-00C04F79EFBC}") = "BugGuardian.AspNetCore", "BugGuardian.AspNetCore\BugGuardian.AspNetCore.csproj", "{2BDC5438-762C-45C1-A0F8-29E69E9AF2CA}"
EndProject
Project("{9A19103F-16F7-4668-BE54-9A1E7A4F7556}") = "BugGuardian.TestApp.NetFx", "TestApps\BugGuardian.TestApp.NetFx\BugGuardian.TestApp.NetFx.csproj", "{B62FD73B-7E1B-4DAA-91C6-A193CB1C0483}"
EndProject
Project("{9A19103F-16F7-4668-BE54-9A1E7A4F7556}") = "BugGuardian.TestApp.NetCore", "TestApps\BugGuardian.TestApp.NetCore\BugGuardian.TestApp.NetCore.csproj", "{B50E886E-C8A5-4E06-9F39-F7A796CAC14F}"
EndProject
Project("{FAE04EC0-301F-11D3-BF4B-00C04F79EFBC}") = "BugGuardian.AspNetCore.FullFx", "BugGuardian.AspNetCore.FullFx\BugGuardian.AspNetCore.FullFx.csproj", "{30A5C915-D4DA-486B-973A-BF2F1DDE4943}"
EndProject
Project("{FAE04EC0-301F-11D3-BF4B-00C04F79EFBC}") = "BugGuardian.TestApp.NetCore3", "TestApps\BugGuardian.TestApp.NetCore3\BugGuardian.TestApp.NetCore3.csproj", "{5B5FE1FB-2C29-4779-9642-A638104BD88D}"
EndProject
Global
	GlobalSection(SolutionConfigurationPlatforms) = preSolution
		Debug|Any CPU = Debug|Any CPU
		Release|Any CPU = Release|Any CPU
	EndGlobalSection
	GlobalSection(ProjectConfigurationPlatforms) = postSolution
		{2BDC5438-762C-45C1-A0F8-29E69E9AF2CA}.Debug|Any CPU.ActiveCfg = Debug|Any CPU
		{2BDC5438-762C-45C1-A0F8-29E69E9AF2CA}.Debug|Any CPU.Build.0 = Debug|Any CPU
		{2BDC5438-762C-45C1-A0F8-29E69E9AF2CA}.Release|Any CPU.ActiveCfg = Release|Any CPU
		{2BDC5438-762C-45C1-A0F8-29E69E9AF2CA}.Release|Any CPU.Build.0 = Release|Any CPU
		{B62FD73B-7E1B-4DAA-91C6-A193CB1C0483}.Debug|Any CPU.ActiveCfg = Debug|Any CPU
		{B62FD73B-7E1B-4DAA-91C6-A193CB1C0483}.Debug|Any CPU.Build.0 = Debug|Any CPU
		{B62FD73B-7E1B-4DAA-91C6-A193CB1C0483}.Release|Any CPU.ActiveCfg = Release|Any CPU
		{B62FD73B-7E1B-4DAA-91C6-A193CB1C0483}.Release|Any CPU.Build.0 = Release|Any CPU
		{B50E886E-C8A5-4E06-9F39-F7A796CAC14F}.Debug|Any CPU.ActiveCfg = Debug|Any CPU
		{B50E886E-C8A5-4E06-9F39-F7A796CAC14F}.Debug|Any CPU.Build.0 = Debug|Any CPU
		{B50E886E-C8A5-4E06-9F39-F7A796CAC14F}.Release|Any CPU.ActiveCfg = Release|Any CPU
		{B50E886E-C8A5-4E06-9F39-F7A796CAC14F}.Release|Any CPU.Build.0 = Release|Any CPU
		{30A5C915-D4DA-486B-973A-BF2F1DDE4943}.Debug|Any CPU.ActiveCfg = Debug|Any CPU
		{30A5C915-D4DA-486B-973A-BF2F1DDE4943}.Debug|Any CPU.Build.0 = Debug|Any CPU
		{30A5C915-D4DA-486B-973A-BF2F1DDE4943}.Release|Any CPU.ActiveCfg = Release|Any CPU
		{30A5C915-D4DA-486B-973A-BF2F1DDE4943}.Release|Any CPU.Build.0 = Release|Any CPU
		{5B5FE1FB-2C29-4779-9642-A638104BD88D}.Debug|Any CPU.ActiveCfg = Debug|Any CPU
		{5B5FE1FB-2C29-4779-9642-A638104BD88D}.Debug|Any CPU.Build.0 = Debug|Any CPU
		{5B5FE1FB-2C29-4779-9642-A638104BD88D}.Release|Any CPU.ActiveCfg = Release|Any CPU
		{5B5FE1FB-2C29-4779-9642-A638104BD88D}.Release|Any CPU.Build.0 = Release|Any CPU
	EndGlobalSection
	GlobalSection(SolutionProperties) = preSolution
		HideSolutionNode = FALSE
	EndGlobalSection
	GlobalSection(NestedProjects) = preSolution
		{B62FD73B-7E1B-4DAA-91C6-A193CB1C0483} = {ED191587-685D-4A1D-9261-AC71D0430457}
		{B50E886E-C8A5-4E06-9F39-F7A796CAC14F} = {ED191587-685D-4A1D-9261-AC71D0430457}
		{5B5FE1FB-2C29-4779-9642-A638104BD88D} = {ED191587-685D-4A1D-9261-AC71D0430457}
	EndGlobalSection
	GlobalSection(ExtensibilityGlobals) = postSolution
		SolutionGuid = {77B53AD5-E33C-4286-B641-5C3E4DC399C7}
	EndGlobalSection
EndGlobal
